// !$*UTF8*$!
{
	archiveVersion = 1;
	classes = {
	};
	objectVersion = 48;
	objects = {

/* Begin PBXBuildFile section */
		A8242740223C49DD005B1070 /* AppDelegate.swift in Sources */ = {isa = PBXBuildFile; fileRef = A824273F223C49DD005B1070 /* AppDelegate.swift */; };
		A8242742223C49DD005B1070 /* ViewController.swift in Sources */ = {isa = PBXBuildFile; fileRef = A8242741223C49DD005B1070 /* ViewController.swift */; };
		A8242745223C49DD005B1070 /* Main.storyboard in Resources */ = {isa = PBXBuildFile; fileRef = A8242743223C49DD005B1070 /* Main.storyboard */; };
		A8242747223C49DD005B1070 /* Assets.xcassets in Resources */ = {isa = PBXBuildFile; fileRef = A8242746223C49DD005B1070 /* Assets.xcassets */; };
		A824274A223C49DD005B1070 /* LaunchScreen.storyboard in Resources */ = {isa = PBXBuildFile; fileRef = A8242748223C49DD005B1070 /* LaunchScreen.storyboard */; };
		A8242752223DF544005B1070 /* Cars.mlmodel in Sources */ = {isa = PBXBuildFile; fileRef = A8242751223DF544005B1070 /* Cars.mlmodel */; };
/* End PBXBuildFile section */

/* Begin PBXFileReference section */
		A824273C223C49DD005B1070 /* CoreMLProject.app */ = {isa = PBXFileReference; explicitFileType = wrapper.application; includeInIndex = 0; path = CoreMLProject.app; sourceTree = BUILT_PRODUCTS_DIR; };
		A824273F223C49DD005B1070 /* AppDelegate.swift */ = {isa = PBXFileReference; lastKnownFileType = sourcecode.swift; path = AppDelegate.swift; sourceTree = "<group>"; };
		A8242741223C49DD005B1070 /* ViewController.swift */ = {isa = PBXFileReference; lastKnownFileType = sourcecode.swift; path = ViewController.swift; sourceTree = "<group>"; };
		A8242744223C49DD005B1070 /* Base */ = {isa = PBXFileReference; lastKnownFileType = file.storyboard; name = Base; path = Base.lproj/Main.storyboard; sourceTree = "<group>"; };
		A8242746223C49DD005B1070 /* Assets.xcassets */ = {isa = PBXFileReference; lastKnownFileType = folder.assetcatalog; path = Assets.xcassets; sourceTree = "<group>"; };
		A8242749223C49DD005B1070 /* Base */ = {isa = PBXFileReference; lastKnownFileType = file.storyboard; name = Base; path = Base.lproj/LaunchScreen.storyboard; sourceTree = "<group>"; };
		A824274B223C49DD005B1070 /* Info.plist */ = {isa = PBXFileReference; lastKnownFileType = text.plist.xml; path = Info.plist; sourceTree = "<group>"; };
		A8242751223DF544005B1070 /* Cars.mlmodel */ = {isa = PBXFileReference; lastKnownFileType = file.mlmodel; path = Cars.mlmodel; sourceTree = "<group>"; };
/* End PBXFileReference section */

/* Begin PBXFrameworksBuildPhase section */
		A8242739223C49DC005B1070 /* Frameworks */ = {
			isa = PBXFrameworksBuildPhase;
			buildActionMask = 2147483647;
			files = (
			);
			runOnlyForDeploymentPostprocessing = 0;
		};
/* End PBXFrameworksBuildPhase section */

/* Begin PBXGroup section */
		A8242733223C49DC005B1070 = {
			isa = PBXGroup;
			children = (
				A824273E223C49DD005B1070 /* CoreMLProject */,
				A824273D223C49DD005B1070 /* Products */,
			);
			sourceTree = "<group>";
		};
		A824273D223C49DD005B1070 /* Products */ = {
			isa = PBXGroup;
			children = (
				A824273C223C49DD005B1070 /* CoreMLProject.app */,
			);
			name = Products;
			sourceTree = "<group>";
		};
		A824273E223C49DD005B1070 /* CoreMLProject */ = {
			isa = PBXGroup;
			children = (
				A824273F223C49DD005B1070 /* AppDelegate.swift */,
				A8242741223C49DD005B1070 /* ViewController.swift */,
				A8242743223C49DD005B1070 /* Main.storyboard */,
				A8242746223C49DD005B1070 /* Assets.xcassets */,
				A8242748223C49DD005B1070 /* LaunchScreen.storyboard */,
				A824274B223C49DD005B1070 /* Info.plist */,
				A8242751223DF544005B1070 /* Cars.mlmodel */,
			);
			path = CoreMLProject;
			sourceTree = "<group>";
		};
/* End PBXGroup section */

/* Begin PBXNativeTarget section */
		A824273B223C49DC005B1070 /* CoreMLProject */ = {
			isa = PBXNativeTarget;
			buildConfigurationList = A824274E223C49DD005B1070 /* Build configuration list for PBXNativeTarget "CoreMLProject" */;
			buildPhases = (
				A8242738223C49DC005B1070 /* Sources */,
				A8242739223C49DC005B1070 /* Frameworks */,
				A824273A223C49DC005B1070 /* Resources */,
			);
			buildRules = (
			);
			dependencies = (
			);
			name = CoreMLProject;
			productName = CoreMLProject;
			productReference = A824273C223C49DD005B1070 /* CoreMLProject.app */;
			productType = "com.apple.product-type.application";
		};
/* End PBXNativeTarget section */

/* Begin PBXProject section */
		A8242734223C49DC005B1070 /* Project object */ = {
			isa = PBXProject;
			attributes = {
				LastSwiftUpdateCheck = 0920;
				LastUpgradeCheck = 0920;
				ORGANIZATIONNAME = Mrudula;
				TargetAttributes = {
					A824273B223C49DC005B1070 = {
						CreatedOnToolsVersion = 9.2;
						ProvisioningStyle = Automatic;
					};
				};
			};
			buildConfigurationList = A8242737223C49DC005B1070 /* Build configuration list for PBXProject "CoreMLProject" */;
			compatibilityVersion = "Xcode 8.0";
			developmentRegion = en;
			hasScannedForEncodings = 0;
			knownRegions = (
				en,
				Base,
			);
			mainGroup = A8242733223C49DC005B1070;
			productRefGroup = A824273D223C49DD005B1070 /* Products */;
			projectDirPath = "";
			projectRoot = "";
			targets = (
				A824273B223C49DC005B1070 /* CoreMLProject */,
			);
		};
/* End PBXProject section */

/* Begin PBXResourcesBuildPhase section */
		A824273A223C49DC005B1070 /* Resources */ = {
			isa = PBXResourcesBuildPhase;
			buildActionMask = 2147483647;
			files = (
				A824274A223C49DD005B1070 /* LaunchScreen.storyboard in Resources */,
				A8242747223C49DD005B1070 /* Assets.xcassets in Resources */,
				A8242745223C49DD005B1070 /* Main.storyboard in Resources */,
			);
			runOnlyForDeploymentPostprocessing = 0;
		};
/* End PBXResourcesBuildPhase section */

/* Begin PBXSourcesBuildPhase section */
		A8242738223C49DC005B1070 /* Sources */ = {
			isa = PBXSourcesBuildPhase;
			buildActionMask = 2147483647;
			files = (
				A8242742223C49DD005B1070 /* ViewController.swift in Sources */,
				A8242740223C49DD005B1070 /* AppDelegate.swift in Sources */,
				A8242752223DF544005B1070 /* Cars.mlmodel in Sources */,
			);
			runOnlyForDeploymentPostprocessing = 0;
		};
/* End PBXSourcesBuildPhase section */

/* Begin PBXVariantGroup section */
		A8242743223C49DD005B1070 /* Main.storyboard */ = {
			isa = PBXVariantGroup;
			children = (
				A8242744223C49DD005B1070 /* Base */,
			);
			name = Main.storyboard;
			sourceTree = "<group>";
		};
		A8242748223C49DD005B1070 /* LaunchScreen.storyboard */ = {
			isa = PBXVariantGroup;
			children = (
				A8242749223C49DD005B1070 /* Base */,
			);
			name = LaunchScreen.storyboard;
			sourceTree = "<group>";
		};
/* End PBXVariantGroup section */

/* Begin XCBuildConfiguration section */
		A824274C223C49DD005B1070 /* Debug */ = {
			isa = XCBuildConfiguration;
			buildSettings = {
				ALWAYS_SEARCH_USER_PATHS = NO;
				CLANG_ANALYZER_NONNULL = YES;
				CLANG_ANALYZER_NUMBER_OBJECT_CONVERSION = YES_AGGRESSIVE;
				CLANG_CXX_LANGUAGE_STANDARD = "gnu++14";
				CLANG_CXX_LIBRARY = "libc++";
				CLANG_ENABLE_MODULES = YES;
				CLANG_ENABLE_OBJC_ARC = YES;
				CLANG_WARN_BLOCK_CAPTURE_AUTORELEASING = YES;
				CLANG_WARN_BOOL_CONVERSION = YES;
				CLANG_WARN_COMMA = YES;
				CLANG_WARN_CONSTANT_CONVERSION = YES;
				CLANG_WARN_DIRECT_OBJC_ISA_USAGE = YES_ERROR;
				CLANG_WARN_DOCUMENTATION_COMMENTS = YES;
				CLANG_WARN_EMPTY_BODY = YES;
				CLANG_WARN_ENUM_CONVERSION = YES;
				CLANG_WARN_INFINITE_RECURSION = YES;
				CLANG_WARN_INT_CONVERSION = YES;
				CLANG_WARN_NON_LITERAL_NULL_CONVERSION = YES;
				CLANG_WARN_OBJC_LITERAL_CONVERSION = YES;
				CLANG_WARN_OBJC_ROOT_CLASS = YES_ERROR;
				CLANG_WARN_RANGE_LOOP_ANALYSIS = YES;
				CLANG_WARN_STRICT_PROTOTYPES = YES;
				CLANG_WARN_SUSPICIOUS_MOVE = YES;
				CLANG_WARN_UNGUARDED_AVAILABILITY = YES_AGGRESSIVE;
				CLANG_WARN_UNREACHABLE_CODE = YES;
				CLANG_WARN__DUPLICATE_METHOD_MATCH = YES;
				CODE_SIGN_IDENTITY = "iPhone Developer";
				COPY_PHASE_STRIP = NO;
				DEBUG_INFORMATION_FORMAT = dwarf;
				ENABLE_STRICT_OBJC_MSGSEND = YES;
				ENABLE_TESTABILITY = YES;
				GCC_C_LANGUAGE_STANDARD = gnu11;
				GCC_DYNAMIC_NO_PIC = NO;
				GCC_NO_COMMON_BLOCKS = YES;
				GCC_OPTIMIZATION_LEVEL = 0;
				GCC_PREPROCESSOR_DEFINITIONS = (
					"DEBUG=1",
					"$(inherited)",
				);
				GCC_WARN_64_TO_32_BIT_CONVERSION = YES;
				GCC_WARN_ABOUT_RETURN_TYPE = YES_ERROR;
				GCC_WARN_UNDECLARED_SELECTOR = YES;
				GCC_WARN_UNINITIALIZED_AUTOS = YES_AGGRESSIVE;
				GCC_WARN_UNUSED_FUNCTION = YES;
				GCC_WARN_UNUSED_VARIABLE = YES;
				IPHONEOS_DEPLOYMENT_TARGET = 11.2;
				MTL_ENABLE_DEBUG_INFO = YES;
				ONLY_ACTIVE_ARCH = YES;
				SDKROOT = iphoneos;
				SWIFT_ACTIVE_COMPILATION_CONDITIONS = DEBUG;
				SWIFT_OPTIMIZATION_LEVEL = "-Onone";
			};
			name = Debug;
		};
		A824274D223C49DD005B1070 /* Release */ = {
			isa = XCBuildConfiguration;
			buildSettings = {
				ALWAYS_SEARCH_USER_PATHS = NO;
				CLANG_ANALYZER_NONNULL = YES;
				CLANG_ANALYZER_NUMBER_OBJECT_CONVERSION = YES_AGGRESSIVE;
				CLANG_CXX_LANGUAGE_STANDARD = "gnu++14";
				CLANG_CXX_LIBRARY = "libc++";
				CLANG_ENABLE_MODULES = YES;
				CLANG_ENABLE_OBJC_ARC = YES;
				CLANG_WARN_BLOCK_CAPTURE_AUTORELEASING = YES;
				CLANG_WARN_BOOL_CONVERSION = YES;
				CLANG_WARN_COMMA = YES;
				CLANG_WARN_CONSTANT_CONVERSION = YES;
				CLANG_WARN_DIRECT_OBJC_ISA_USAGE = YES_ERROR;
				CLANG_WARN_DOCUMENTATION_COMMENTS = YES;
				CLANG_WARN_EMPTY_BODY = YES;
				CLANG_WARN_ENUM_CONVERSION = YES;
				CLANG_WARN_INFINITE_RECURSION = YES;
				CLANG_WARN_INT_CONVERSION = YES;
				CLANG_WARN_NON_LITERAL_NULL_CONVERSION = YES;
				CLANG_WARN_OBJC_LITERAL_CONVERSION = YES;
				CLANG_WARN_OBJC_ROOT_CLASS = YES_ERROR;
				CLANG_WARN_RANGE_LOOP_ANALYSIS = YES;
				CLANG_WARN_STRICT_PROTOTYPES = YES;
				CLANG_WARN_SUSPICIOUS_MOVE = YES;
				CLANG_WARN_UNGUARDED_AVAILABILITY = YES_AGGRESSIVE;
				CLANG_WARN_UNREACHABLE_CODE = YES;
				CLANG_WARN__DUPLICATE_METHOD_MATCH = YES;
				CODE_SIGN_IDENTITY = "iPhone Developer";
				COPY_PHASE_STRIP = NO;
				DEBUG_INFORMATION_FORMAT = "dwarf-with-dsym";
				ENABLE_NS_ASSERTIONS = NO;
				ENABLE_STRICT_OBJC_MSGSEND = YES;
				GCC_C_LANGUAGE_STANDARD = gnu11;
				GCC_NO_COMMON_BLOCKS = YES;
				GCC_WARN_64_TO_32_BIT_CONVERSION = YES;
				GCC_WARN_ABOUT_RETURN_TYPE = YES_ERROR;
				GCC_WARN_UNDECLARED_SELECTOR = YES;
				GCC_WARN_UNINITIALIZED_AUTOS = YES_AGGRESSIVE;
				GCC_WARN_UNUSED_FUNCTION = YES;
				GCC_WARN_UNUSED_VARIABLE = YES;
				IPHONEOS_DEPLOYMENT_TARGET = 11.2;
				MTL_ENABLE_DEBUG_INFO = NO;
				SDKROOT = iphoneos;
				SWIFT_OPTIMIZATION_LEVEL = "-Owholemodule";
				VALIDATE_PRODUCT = YES;
			};
			name = Release;
		};
		A824274F223C49DD005B1070 /* Debug */ = {
			isa = XCBuildConfiguration;
			buildSettings = {
				ASSETCATALOG_COMPILER_APPICON_NAME = AppIcon;
				CODE_SIGN_STYLE = Automatic;
				DEVELOPMENT_TEAM = MEMC7YHEU9;
				INFOPLIST_FILE = CoreMLProject/Info.plist;
				LD_RUNPATH_SEARCH_PATHS = "$(inherited) @executable_path/Frameworks";
				PRODUCT_BUNDLE_IDENTIFIER = com.mrudula.CoreMLProject;
				PRODUCT_NAME = "$(TARGET_NAME)";
				SWIFT_VERSION = 4.0;
				TARGETED_DEVICE_FAMILY = 1;
			};
			name = Debug;
		};
		A8242750223C49DD005B1070 /* Release */ = {
			isa = XCBuildConfiguration;
			buildSettings = {
				ASSETCATALOG_COMPILER_APPICON_NAME = AppIcon;
				CODE_SIGN_STYLE = Automatic;
				DEVELOPMENT_TEAM = MEMC7YHEU9;
				INFOPLIST_FILE = CoreMLProject/Info.plist;
				LD_RUNPATH_SEARCH_PATHS = "$(inherited) @executable_path/Frameworks";
				PRODUCT_BUNDLE_IDENTIFIER = com.mrudula.CoreMLProject;
				PRODUCT_NAME = "$(TARGET_NAME)";
				SWIFT_VERSION = 4.0;
				TARGETED_DEVICE_FAMILY = 1;
			};
			name = Release;
		};
/* End XCBuildConfiguration section */

/* Begin XCConfigurationList section */
		A8242737223C49DC005B1070 /* Build configuration list for PBXProject "CoreMLProject" */ = {
			isa = XCConfigurationList;
			buildConfigurations = (
				A824274C223C49DD005B1070 /* Debug */,
				A824274D223C49DD005B1070 /* Release */,
			);
			defaultConfigurationIsVisible = 0;
			defaultConfigurationName = Release;
		};
		A824274E223C49DD005B1070 /* Build configuration list for PBXNativeTarget "CoreMLProject" */ = {
			isa = XCConfigurationList;
			buildConfigurations = (
				A824274F223C49DD005B1070 /* Debug */,
				A8242750223C49DD005B1070 /* Release */,
			);
			defaultConfigurationIsVisible = 0;
			defaultConfigurationName = Release;
		};
/* End XCConfigurationList section */
	};
	rootObject = A8242734223C49DC005B1070 /* Project object */;
}
